# This file was autogenerated by Stack.
# You should not edit this file by hand.
# For more information, please see the documentation at:
#   https://docs.haskellstack.org/en/stable/lock_files

packages:
- completed:
    hackage: hspec-expectations-json-1.0.0.0@sha256:0a846be347980f80beb3f8d4b5ed8349c4a3d1b9cb1098b07b3773dd3dc916c2,3651
    pantry-tree:
      size: 614
      sha256: 8937972bda683e53b7f36a32e7a07cb08402eb4f900b3583d0b11f69efc23c9d
  original:
    hackage: hspec-expectations-json-1.0.0.0
- completed:
    hackage: servant-0.15@sha256:52fcb0551e33ab7209f09b54cba2ba92e337ad711294274b61db6bd7c35042ae,5790
    pantry-tree:
      size: 2604
      sha256: 02ea87c1d497b970783f63589dfd977a12c14cd3b35ad6f2eeae9d3bac637209
  original:
    hackage: servant-0.15
- completed:
    hackage: servant-server-0.15@sha256:e3c7ab1081f1de21276c28347d99342d0c0451efc5a105a6597127ca0cede96b,5674
    pantry-tree:
      size: 2273
      sha256: c465626716f1c6e97cf4bcb1b613d9d0ac31eacc540e2474c2a8d745073503ff
  original:
    hackage: servant-server-0.15
snapshots:
- completed:
    size: 533252
    url: https://raw.githubusercontent.com/commercialhaskell/stackage-snapshots/master/lts/16/25.yaml
    sha256: 147598b98bdd95ec0409bac125a4f1bff3cd4f8d73334d283d098f66a4bcc053
  original:
    url: https://raw.githubusercontent.com/commercialhaskell/stackage-snapshots/master/lts/16/25.yaml
